// !$*UTF8*$!
{
	archiveVersion = 1;
	classes = {
	};
	objectVersion = 52;
	objects = {

/* Begin PBXBuildFile section */
		3F3AF315260C968C00F254BD /* AppDelegate.swift in Sources */ = {isa = PBXBuildFile; fileRef = 3F3AF314260C968C00F254BD /* AppDelegate.swift */; };
		3F3AF318260C969700F254BD /* SceneDelegate.swift in Sources */ = {isa = PBXBuildFile; fileRef = 3F3AF317260C969700F254BD /* SceneDelegate.swift */; };
		3F5A186D262EA38D00A1E56B /* ImageLoader.swift in Sources */ = {isa = PBXBuildFile; fileRef = 8380756F25FA2F3C00A2706D /* ImageLoader.swift */; };
		3F5A1872262EB94B00A1E56B /* RecipeItem.swift in Sources */ = {isa = PBXBuildFile; fileRef = 3F5A1871262EB94B00A1E56B /* RecipeItem.swift */; };
		3F5A1876262EB99B00A1E56B /* CartItem.swift in Sources */ = {isa = PBXBuildFile; fileRef = 3F5A1875262EB99B00A1E56B /* CartItem.swift */; };
		3F5A18792631466C00A1E56B /* StructsForAPI.swift in Sources */ = {isa = PBXBuildFile; fileRef = 3F5A18782631466B00A1E56B /* StructsForAPI.swift */; };
		3F5A187F2632ACEC00A1E56B /* StringExtension.swift in Sources */ = {isa = PBXBuildFile; fileRef = 3F5A187E2632ACEC00A1E56B /* StringExtension.swift */; };
		3F7E814C2626D1F4005A1D04 /* KrogerItem.swift in Sources */ = {isa = PBXBuildFile; fileRef = 3F7E814B2626D1F4005A1D04 /* KrogerItem.swift */; };
		3F7E814F2626D218005A1D04 /* KrogerView.swift in Sources */ = {isa = PBXBuildFile; fileRef = 3F7E814E2626D218005A1D04 /* KrogerView.swift */; };
		3F7E81522626D228005A1D04 /* KrogerImageView.swift in Sources */ = {isa = PBXBuildFile; fileRef = 3F7E81512626D228005A1D04 /* KrogerImageView.swift */; };
		3F7E81552626DAE7005A1D04 /* RecipeInfo.swift in Sources */ = {isa = PBXBuildFile; fileRef = 3F7E81542626DAE7005A1D04 /* RecipeInfo.swift */; };
		3F7E81582626DB29005A1D04 /* RecipeView.swift in Sources */ = {isa = PBXBuildFile; fileRef = 3F7E81572626DB29005A1D04 /* RecipeView.swift */; };
		3FBE78AF26145B5400686955 /* LaunchScreen.storyboard in Resources */ = {isa = PBXBuildFile; fileRef = 3FBE78AE26145B5400686955 /* LaunchScreen.storyboard */; };
		3FBE790D2618509600686955 /* privacypolicy.html in Resources */ = {isa = PBXBuildFile; fileRef = 3FBE790C2618509600686955 /* privacypolicy.html */; };
		3FD7840F25F8BCC900EE4D58 /* MenuView.swift in Sources */ = {isa = PBXBuildFile; fileRef = 3FD7840E25F8BCC900EE4D58 /* MenuView.swift */; };
		3FD784AD260091C500EE4D58 /* GeneralSettingsView.swift in Sources */ = {isa = PBXBuildFile; fileRef = 3FD784AC260091C500EE4D58 /* GeneralSettingsView.swift */; };
		3FD784B02600929900EE4D58 /* AccountView.swift in Sources */ = {isa = PBXBuildFile; fileRef = 3FD784AF2600929900EE4D58 /* AccountView.swift */; };
		3FD784B5260092FF00EE4D58 /* CartView.swift in Sources */ = {isa = PBXBuildFile; fileRef = 3FD784B4260092FF00EE4D58 /* CartView.swift */; };
		3FE9FEE4264D047900E0C46A /* AddIngredientsView.swift in Sources */ = {isa = PBXBuildFile; fileRef = 3FE9FEE3264D047800E0C46A /* AddIngredientsView.swift */; };
		46D63378CBBD58CCCB5B7031 /* Pods_STTR.framework in Frameworks */ = {isa = PBXBuildFile; fileRef = D7BFEB8DADE5A1AC8B73B964 /* Pods_STTR.framework */; };
		82D78EE9265C1BA90035A894 /* LocationView.swift in Sources */ = {isa = PBXBuildFile; fileRef = 82D78EE8265C1BA90035A894 /* LocationView.swift */; };
		8359269425894D4800DCC048 /* ContentView.swift in Sources */ = {isa = PBXBuildFile; fileRef = 8359269325894D4800DCC048 /* ContentView.swift */; };
		8359269625894D4C00DCC048 /* Assets.xcassets in Resources */ = {isa = PBXBuildFile; fileRef = 8359269525894D4C00DCC048 /* Assets.xcassets */; };
		8359269925894D4C00DCC048 /* Preview Assets.xcassets in Resources */ = {isa = PBXBuildFile; fileRef = 8359269825894D4C00DCC048 /* Preview Assets.xcassets */; };
		8359270025A6D06C00DCC048 /* GoogleService-Info.plist in Resources */ = {isa = PBXBuildFile; fileRef = 835926FF25A6D06C00DCC048 /* GoogleService-Info.plist */; };
		89054E7F2677A6C9009FE88D /* hulkcybr1.cer in Resources */ = {isa = PBXBuildFile; fileRef = 89054E7E2677A6C9009FE88D /* hulkcybr1.cer */; };
		895388042684DDA900AD105F /* LocalAuthentication.framework in Frameworks */ = {isa = PBXBuildFile; fileRef = 895388032684DDA900AD105F /* LocalAuthentication.framework */; };
		895388092684E4B400AD105F /* Vuln.m in Sources */ = {isa = PBXBuildFile; fileRef = 895388082684E4B400AD105F /* Vuln.m */; };
		89564828267A4C4F00CE14F0 /* InfoUnsecure.plist in Resources */ = {isa = PBXBuildFile; fileRef = 89564827267A4C4F00CE14F0 /* InfoUnsecure.plist */; };
		895EC1842673C2400073C067 /* StaticDatabase.swift in Sources */ = {isa = PBXBuildFile; fileRef = 895EC1832673C2400073C067 /* StaticDatabase.swift */; };
		895EC18D2673C6CA0073C067 /* STTRUITests.swift in Sources */ = {isa = PBXBuildFile; fileRef = 895EC18C2673C6CA0073C067 /* STTRUITests.swift */; };
		895EC1992673F3B90073C067 /* Networking.swift in Sources */ = {isa = PBXBuildFile; fileRef = 895EC1982673F3B90073C067 /* Networking.swift */; };
		898A7E0E26BD9642003C239D /* FacebookLogin in Frameworks */ = {isa = PBXBuildFile; productRef = 898A7E0D26BD9642003C239D /* FacebookLogin */; };
		89A363782679324400087916 /* CryptoSwift in Frameworks */ = {isa = PBXBuildFile; productRef = 89A363772679324400087916 /* CryptoSwift */; };
		89D5B7C3266E7C700043536D /* ContactService.swift in Sources */ = {isa = PBXBuildFile; fileRef = 89D5B7C2266E7C700043536D /* ContactService.swift */; };
		89FB74A9268661B500627BA8 /* AlertToast in Frameworks */ = {isa = PBXBuildFile; productRef = 89FB74A8268661B500627BA8 /* AlertToast */; };
		89FB74AE2686792400627BA8 /* AFNetworking in Frameworks */ = {isa = PBXBuildFile; productRef = 89FB74AD2686792400627BA8 /* AFNetworking */; };
		CC7BD3CC265FE5F800A95A0C /* UrlSessionAPIs.swift in Sources */ = {isa = PBXBuildFile; fileRef = CC7BD3CB265FE5F800A95A0C /* UrlSessionAPIs.swift */; };
		CCF386962667DFAC008E932C /* DeactivateAccountView.swift in Sources */ = {isa = PBXBuildFile; fileRef = CCF386952667DFAC008E932C /* DeactivateAccountView.swift */; };
		DC5C244925B7D175009676AF /* Session.swift in Sources */ = {isa = PBXBuildFile; fileRef = DC5C244825B7D175009676AF /* Session.swift */; };
		DCDA6C6325B7E5570055E597 /* AuthenticationView.swift in Sources */ = {isa = PBXBuildFile; fileRef = DCDA6C6225B7E5570055E597 /* AuthenticationView.swift */; };
		E64C1B862666D940000C7D07 /* KrogerAPI.swift in Sources */ = {isa = PBXBuildFile; fileRef = E64C1B852666D940000C7D07 /* KrogerAPI.swift */; };
/* End PBXBuildFile section */

/* Begin PBXContainerItemProxy section */
		895EC18F2673C6CA0073C067 /* PBXContainerItemProxy */ = {
			isa = PBXContainerItemProxy;
			containerPortal = 8359268625894D4700DCC048 /* Project object */;
			proxyType = 1;
			remoteGlobalIDString = 8359268D25894D4700DCC048;
			remoteInfo = STTR;
		};
/* End PBXContainerItemProxy section */

/* Begin PBXFileReference section */
		3F3AF314260C968C00F254BD /* AppDelegate.swift */ = {isa = PBXFileReference; lastKnownFileType = sourcecode.swift; path = AppDelegate.swift; sourceTree = "<group>"; };
		3F3AF317260C969700F254BD /* SceneDelegate.swift */ = {isa = PBXFileReference; lastKnownFileType = sourcecode.swift; path = SceneDelegate.swift; sourceTree = "<group>"; };
		3F3AF31C260C974A00F254BD /* Info.plist */ = {isa = PBXFileReference; fileEncoding = 4; lastKnownFileType = text.plist.xml; path = Info.plist; sourceTree = "<group>"; };
		3F5A1871262EB94B00A1E56B /* RecipeItem.swift */ = {isa = PBXFileReference; lastKnownFileType = sourcecode.swift; path = RecipeItem.swift; sourceTree = "<group>"; };
		3F5A1875262EB99B00A1E56B /* CartItem.swift */ = {isa = PBXFileReference; lastKnownFileType = sourcecode.swift; path = CartItem.swift; sourceTree = "<group>"; };
		3F5A18782631466B00A1E56B /* StructsForAPI.swift */ = {isa = PBXFileReference; lastKnownFileType = sourcecode.swift; path = StructsForAPI.swift; sourceTree = "<group>"; };
		3F5A187E2632ACEC00A1E56B /* StringExtension.swift */ = {isa = PBXFileReference; lastKnownFileType = sourcecode.swift; path = StringExtension.swift; sourceTree = "<group>"; };
		3F7E814B2626D1F4005A1D04 /* KrogerItem.swift */ = {isa = PBXFileReference; lastKnownFileType = sourcecode.swift; path = KrogerItem.swift; sourceTree = "<group>"; };
		3F7E814E2626D218005A1D04 /* KrogerView.swift */ = {isa = PBXFileReference; lastKnownFileType = sourcecode.swift; path = KrogerView.swift; sourceTree = "<group>"; };
		3F7E81512626D228005A1D04 /* KrogerImageView.swift */ = {isa = PBXFileReference; lastKnownFileType = sourcecode.swift; path = KrogerImageView.swift; sourceTree = "<group>"; };
		3F7E81542626DAE7005A1D04 /* RecipeInfo.swift */ = {isa = PBXFileReference; lastKnownFileType = sourcecode.swift; path = RecipeInfo.swift; sourceTree = "<group>"; };
		3F7E81572626DB29005A1D04 /* RecipeView.swift */ = {isa = PBXFileReference; lastKnownFileType = sourcecode.swift; path = RecipeView.swift; sourceTree = "<group>"; };
		3F7E815A2626DB47005A1D04 /* ImageLoader.swift */ = {isa = PBXFileReference; lastKnownFileType = sourcecode.swift; path = ImageLoader.swift; sourceTree = "<group>"; };
		3FBE78AE26145B5400686955 /* LaunchScreen.storyboard */ = {isa = PBXFileReference; lastKnownFileType = file.storyboard; path = LaunchScreen.storyboard; sourceTree = "<group>"; };
		3FBE790C2618509600686955 /* privacypolicy.html */ = {isa = PBXFileReference; fileEncoding = 4; lastKnownFileType = text.html; path = privacypolicy.html; sourceTree = "<group>"; };
		3FD7840E25F8BCC900EE4D58 /* MenuView.swift */ = {isa = PBXFileReference; lastKnownFileType = sourcecode.swift; path = MenuView.swift; sourceTree = "<group>"; };
		3FD784AC260091C500EE4D58 /* GeneralSettingsView.swift */ = {isa = PBXFileReference; lastKnownFileType = sourcecode.swift; path = GeneralSettingsView.swift; sourceTree = "<group>"; };
		3FD784AF2600929900EE4D58 /* AccountView.swift */ = {isa = PBXFileReference; lastKnownFileType = sourcecode.swift; path = AccountView.swift; sourceTree = "<group>"; };
		3FD784B4260092FF00EE4D58 /* CartView.swift */ = {isa = PBXFileReference; lastKnownFileType = sourcecode.swift; path = CartView.swift; sourceTree = "<group>"; };
		3FE9FEE3264D047800E0C46A /* AddIngredientsView.swift */ = {isa = PBXFileReference; lastKnownFileType = sourcecode.swift; path = AddIngredientsView.swift; sourceTree = "<group>"; };
		4BDCD2A44760D5A10D8F5500 /* Pods-STTR.secure.xcconfig */ = {isa = PBXFileReference; includeInIndex = 1; lastKnownFileType = text.xcconfig; name = "Pods-STTR.secure.xcconfig"; path = "Target Support Files/Pods-STTR/Pods-STTR.secure.xcconfig"; sourceTree = "<group>"; };
		80B297BCA71E8927F5001D02 /* Pods-STTR.unsecure.xcconfig */ = {isa = PBXFileReference; includeInIndex = 1; lastKnownFileType = text.xcconfig; name = "Pods-STTR.unsecure.xcconfig"; path = "Target Support Files/Pods-STTR/Pods-STTR.unsecure.xcconfig"; sourceTree = "<group>"; };
		82D78EE8265C1BA90035A894 /* LocationView.swift */ = {isa = PBXFileReference; lastKnownFileType = sourcecode.swift; path = LocationView.swift; sourceTree = "<group>"; };
		8359268E25894D4800DCC048 /* STTR.app */ = {isa = PBXFileReference; explicitFileType = wrapper.application; includeInIndex = 0; path = STTR.app; sourceTree = BUILT_PRODUCTS_DIR; };
		8359269325894D4800DCC048 /* ContentView.swift */ = {isa = PBXFileReference; lastKnownFileType = sourcecode.swift; path = ContentView.swift; sourceTree = "<group>"; };
		8359269525894D4C00DCC048 /* Assets.xcassets */ = {isa = PBXFileReference; lastKnownFileType = folder.assetcatalog; path = Assets.xcassets; sourceTree = "<group>"; };
		8359269825894D4C00DCC048 /* Preview Assets.xcassets */ = {isa = PBXFileReference; lastKnownFileType = folder.assetcatalog; path = "Preview Assets.xcassets"; sourceTree = "<group>"; };
		835926FF25A6D06C00DCC048 /* GoogleService-Info.plist */ = {isa = PBXFileReference; fileEncoding = 4; lastKnownFileType = text.plist.xml; path = "GoogleService-Info.plist"; sourceTree = "<group>"; };
		8380756F25FA2F3C00A2706D /* ImageLoader.swift */ = {isa = PBXFileReference; lastKnownFileType = sourcecode.swift; path = ImageLoader.swift; sourceTree = "<group>"; };
		89054E7E2677A6C9009FE88D /* hulkcybr1.cer */ = {isa = PBXFileReference; lastKnownFileType = file; path = hulkcybr1.cer; sourceTree = "<group>"; };
		895388032684DDA900AD105F /* LocalAuthentication.framework */ = {isa = PBXFileReference; lastKnownFileType = wrapper.framework; name = LocalAuthentication.framework; path = System/Library/Frameworks/LocalAuthentication.framework; sourceTree = SDKROOT; };
		895388072684E4B400AD105F /* STTR-Bridging-Header.h */ = {isa = PBXFileReference; lastKnownFileType = sourcecode.c.h; path = "STTR-Bridging-Header.h"; sourceTree = "<group>"; };
		895388082684E4B400AD105F /* Vuln.m */ = {isa = PBXFileReference; lastKnownFileType = sourcecode.c.objc; path = Vuln.m; sourceTree = "<group>"; };
		8953880C2684E5A700AD105F /* Vuln.h */ = {isa = PBXFileReference; lastKnownFileType = sourcecode.c.h; path = Vuln.h; sourceTree = "<group>"; };
		89564827267A4C4F00CE14F0 /* InfoUnsecure.plist */ = {isa = PBXFileReference; fileEncoding = 4; lastKnownFileType = text.plist.xml; path = InfoUnsecure.plist; sourceTree = "<group>"; };
		895EC1832673C2400073C067 /* StaticDatabase.swift */ = {isa = PBXFileReference; lastKnownFileType = sourcecode.swift; path = StaticDatabase.swift; sourceTree = "<group>"; };
		895EC18A2673C6CA0073C067 /* STTRUITests.xctest */ = {isa = PBXFileReference; explicitFileType = wrapper.cfbundle; includeInIndex = 0; path = STTRUITests.xctest; sourceTree = BUILT_PRODUCTS_DIR; };
		895EC18C2673C6CA0073C067 /* STTRUITests.swift */ = {isa = PBXFileReference; lastKnownFileType = sourcecode.swift; path = STTRUITests.swift; sourceTree = "<group>"; };
		895EC18E2673C6CA0073C067 /* Info.plist */ = {isa = PBXFileReference; lastKnownFileType = text.plist.xml; path = Info.plist; sourceTree = "<group>"; };
		895EC1982673F3B90073C067 /* Networking.swift */ = {isa = PBXFileReference; lastKnownFileType = sourcecode.swift; path = Networking.swift; sourceTree = "<group>"; };
		89D5B7C2266E7C700043536D /* ContactService.swift */ = {isa = PBXFileReference; lastKnownFileType = sourcecode.swift; path = ContactService.swift; sourceTree = "<group>"; };
		89D5B7E3266ECBED0043536D /* STTR.entitlements */ = {isa = PBXFileReference; lastKnownFileType = text.plist.entitlements; path = STTR.entitlements; sourceTree = "<group>"; };
		CC7BD3CB265FE5F800A95A0C /* UrlSessionAPIs.swift */ = {isa = PBXFileReference; lastKnownFileType = sourcecode.swift; path = UrlSessionAPIs.swift; sourceTree = "<group>"; };
		CCF386952667DFAC008E932C /* DeactivateAccountView.swift */ = {isa = PBXFileReference; lastKnownFileType = sourcecode.swift; path = DeactivateAccountView.swift; sourceTree = "<group>"; };
		D7BFEB8DADE5A1AC8B73B964 /* Pods_STTR.framework */ = {isa = PBXFileReference; explicitFileType = wrapper.framework; includeInIndex = 0; path = Pods_STTR.framework; sourceTree = BUILT_PRODUCTS_DIR; };
		DC5C244825B7D175009676AF /* Session.swift */ = {isa = PBXFileReference; lastKnownFileType = sourcecode.swift; path = Session.swift; sourceTree = "<group>"; };
		DCDA6C6225B7E5570055E597 /* AuthenticationView.swift */ = {isa = PBXFileReference; lastKnownFileType = sourcecode.swift; path = AuthenticationView.swift; sourceTree = "<group>"; };
		E64C1B852666D940000C7D07 /* KrogerAPI.swift */ = {isa = PBXFileReference; lastKnownFileType = sourcecode.swift; path = KrogerAPI.swift; sourceTree = "<group>"; };
/* End PBXFileReference section */

/* Begin PBXFrameworksBuildPhase section */
		8359268B25894D4700DCC048 /* Frameworks */ = {
			isa = PBXFrameworksBuildPhase;
			buildActionMask = 2147483647;
			files = (
				89A363782679324400087916 /* CryptoSwift in Frameworks */,
				89FB74A9268661B500627BA8 /* AlertToast in Frameworks */,
				898A7E0E26BD9642003C239D /* FacebookLogin in Frameworks */,
				895388042684DDA900AD105F /* LocalAuthentication.framework in Frameworks */,
				89FB74AE2686792400627BA8 /* AFNetworking in Frameworks */,
				46D63378CBBD58CCCB5B7031 /* Pods_STTR.framework in Frameworks */,
			);
			runOnlyForDeploymentPostprocessing = 0;
		};
		895EC1872673C6CA0073C067 /* Frameworks */ = {
			isa = PBXFrameworksBuildPhase;
			buildActionMask = 2147483647;
			files = (
			);
			runOnlyForDeploymentPostprocessing = 0;
		};
/* End PBXFrameworksBuildPhase section */

/* Begin PBXGroup section */
		3F1B13D2263A934A007AA495 /* Cart */ = {
			isa = PBXGroup;
			children = (
				3FD784B4260092FF00EE4D58 /* CartView.swift */,
			);
			name = Cart;
			sourceTree = "<group>";
		};
		3F5A1870262EB8E300A1E56B /* Settings */ = {
			isa = PBXGroup;
			children = (
				3FD784AC260091C500EE4D58 /* GeneralSettingsView.swift */,
				3FD784AF2600929900EE4D58 /* AccountView.swift */,
				CCF386952667DFAC008E932C /* DeactivateAccountView.swift */,
			);
			name = Settings;
			sourceTree = "<group>";
		};
		3F7E815F2626DC54005A1D04 /* Recipe */ = {
			isa = PBXGroup;
			children = (
				3FE9FEE3264D047800E0C46A /* AddIngredientsView.swift */,
				3F7E81542626DAE7005A1D04 /* RecipeInfo.swift */,
				3F7E81572626DB29005A1D04 /* RecipeView.swift */,
				8380756F25FA2F3C00A2706D /* ImageLoader.swift */,
				3F7E815A2626DB47005A1D04 /* ImageLoader.swift */,
			);
			name = Recipe;
			sourceTree = "<group>";
		};
		3F7E81602626DC67005A1D04 /* Kroger */ = {
			isa = PBXGroup;
			children = (
				3F7E814B2626D1F4005A1D04 /* KrogerItem.swift */,
				3F7E814E2626D218005A1D04 /* KrogerView.swift */,
				3F7E81512626D228005A1D04 /* KrogerImageView.swift */,
				E64C1B852666D940000C7D07 /* KrogerAPI.swift */,
				82D78EE8265C1BA90035A894 /* LocationView.swift */,
				895EC1832673C2400073C067 /* StaticDatabase.swift */,
				89D5B7C2266E7C700043536D /* ContactService.swift */,
			);
			name = Kroger;
			sourceTree = "<group>";
		};
		8359268525894D4700DCC048 = {
			isa = PBXGroup;
			children = (
				8359269025894D4800DCC048 /* STTR */,
				895EC18B2673C6CA0073C067 /* STTRUITests */,
				8359268F25894D4800DCC048 /* Products */,
				C65A4192135C183C460F035E /* Pods */,
				F034CCB8FBA1F20D005997B2 /* Frameworks */,
			);
			sourceTree = "<group>";
		};
		8359268F25894D4800DCC048 /* Products */ = {
			isa = PBXGroup;
			children = (
				8359268E25894D4800DCC048 /* STTR.app */,
				895EC18A2673C6CA0073C067 /* STTRUITests.xctest */,
			);
			name = Products;
			sourceTree = "<group>";
		};
		8359269025894D4800DCC048 /* STTR */ = {
			isa = PBXGroup;
			children = (
				89054E7E2677A6C9009FE88D /* hulkcybr1.cer */,
				89D5B7E3266ECBED0043536D /* STTR.entitlements */,
				CC911C7B265EA18A00A7AFFA /* Server */,
				3F1B13D2263A934A007AA495 /* Cart */,
				3F7E81602626DC67005A1D04 /* Kroger */,
				3F7E815F2626DC54005A1D04 /* Recipe */,
				3F5A1870262EB8E300A1E56B /* Settings */,
				3F3AF31C260C974A00F254BD /* Info.plist */,
				89564827267A4C4F00CE14F0 /* InfoUnsecure.plist */,
				3FBE790C2618509600686955 /* privacypolicy.html */,
				3F3AF317260C969700F254BD /* SceneDelegate.swift */,
				3F3AF314260C968C00F254BD /* AppDelegate.swift */,
				8359269525894D4C00DCC048 /* Assets.xcassets */,
				8359269325894D4800DCC048 /* ContentView.swift */,
				DCDA6C6225B7E5570055E597 /* AuthenticationView.swift */,
				3FD7840E25F8BCC900EE4D58 /* MenuView.swift */,
				DC5C244825B7D175009676AF /* Session.swift */,
				835926FF25A6D06C00DCC048 /* GoogleService-Info.plist */,
				8359269725894D4C00DCC048 /* Preview Content */,
				3FBE78AE26145B5400686955 /* LaunchScreen.storyboard */,
				3F5A1871262EB94B00A1E56B /* RecipeItem.swift */,
				3F5A18782631466B00A1E56B /* StructsForAPI.swift */,
				3F5A1875262EB99B00A1E56B /* CartItem.swift */,
				3F5A187E2632ACEC00A1E56B /* StringExtension.swift */,
				895388082684E4B400AD105F /* Vuln.m */,
				895388072684E4B400AD105F /* STTR-Bridging-Header.h */,
				8953880C2684E5A700AD105F /* Vuln.h */,
			);
			path = STTR;
			sourceTree = "<group>";
		};
		8359269725894D4C00DCC048 /* Preview Content */ = {
			isa = PBXGroup;
			children = (
				8359269825894D4C00DCC048 /* Preview Assets.xcassets */,
			);
			path = "Preview Content";
			sourceTree = "<group>";
		};
		895EC18B2673C6CA0073C067 /* STTRUITests */ = {
			isa = PBXGroup;
			children = (
				895EC18C2673C6CA0073C067 /* STTRUITests.swift */,
				895EC18E2673C6CA0073C067 /* Info.plist */,
			);
			path = STTRUITests;
			sourceTree = "<group>";
		};
		C65A4192135C183C460F035E /* Pods */ = {
			isa = PBXGroup;
			children = (
				80B297BCA71E8927F5001D02 /* Pods-STTR.unsecure.xcconfig */,
				4BDCD2A44760D5A10D8F5500 /* Pods-STTR.secure.xcconfig */,
			);
			path = Pods;
			sourceTree = "<group>";
		};
		CC911C7B265EA18A00A7AFFA /* Server */ = {
			isa = PBXGroup;
			children = (
				CC7BD3CB265FE5F800A95A0C /* UrlSessionAPIs.swift */,
				895EC1982673F3B90073C067 /* Networking.swift */,
			);
			name = Server;
			sourceTree = "<group>";
		};
		F034CCB8FBA1F20D005997B2 /* Frameworks */ = {
			isa = PBXGroup;
			children = (
				895388032684DDA900AD105F /* LocalAuthentication.framework */,
				D7BFEB8DADE5A1AC8B73B964 /* Pods_STTR.framework */,
			);
			name = Frameworks;
			sourceTree = "<group>";
		};
/* End PBXGroup section */

/* Begin PBXNativeTarget section */
		8359268D25894D4700DCC048 /* STTR */ = {
			isa = PBXNativeTarget;
			buildConfigurationList = 8359269D25894D4C00DCC048 /* Build configuration list for PBXNativeTarget "STTR" */;
			buildPhases = (
				98B9666D13D10DBDF9F56E37 /* [CP] Check Pods Manifest.lock */,
				8359268A25894D4700DCC048 /* Sources */,
				8359268B25894D4700DCC048 /* Frameworks */,
				8359268C25894D4700DCC048 /* Resources */,
				648440A67E5500EC7732FC5E /* [CP] Embed Pods Frameworks */,
			);
			buildRules = (
			);
			dependencies = (
			);
			name = STTR;
			packageProductDependencies = (
				89A363772679324400087916 /* CryptoSwift */,
				89FB74A8268661B500627BA8 /* AlertToast */,
				89FB74AD2686792400627BA8 /* AFNetworking */,
				898A7E0D26BD9642003C239D /* FacebookLogin */,
			);
			productName = STTR;
			productReference = 8359268E25894D4800DCC048 /* STTR.app */;
			productType = "com.apple.product-type.application";
		};
		895EC1892673C6CA0073C067 /* STTRUITests */ = {
			isa = PBXNativeTarget;
			buildConfigurationList = 895EC1912673C6CA0073C067 /* Build configuration list for PBXNativeTarget "STTRUITests" */;
			buildPhases = (
				895EC1862673C6CA0073C067 /* Sources */,
				895EC1872673C6CA0073C067 /* Frameworks */,
				895EC1882673C6CA0073C067 /* Resources */,
			);
			buildRules = (
			);
			dependencies = (
				895EC1902673C6CA0073C067 /* PBXTargetDependency */,
			);
			name = STTRUITests;
			productName = STTRUITests;
			productReference = 895EC18A2673C6CA0073C067 /* STTRUITests.xctest */;
			productType = "com.apple.product-type.bundle.ui-testing";
		};
/* End PBXNativeTarget section */

/* Begin PBXProject section */
		8359268625894D4700DCC048 /* Project object */ = {
			isa = PBXProject;
			attributes = {
				LastSwiftUpdateCheck = 1220;
				LastUpgradeCheck = 1220;
				TargetAttributes = {
					8359268D25894D4700DCC048 = {
						CreatedOnToolsVersion = 12.2;
						LastSwiftMigration = 1220;
					};
					895EC1892673C6CA0073C067 = {
						CreatedOnToolsVersion = 12.2;
						TestTargetID = 8359268D25894D4700DCC048;
					};
				};
			};
			buildConfigurationList = 8359268925894D4700DCC048 /* Build configuration list for PBXProject "STTR" */;
			compatibilityVersion = "Xcode 9.3";
			developmentRegion = en;
			hasScannedForEncodings = 0;
			knownRegions = (
				en,
				Base,
			);
			mainGroup = 8359268525894D4700DCC048;
			packageReferences = (
				89A363762679324400087916 /* XCRemoteSwiftPackageReference "CryptoSwift" */,
				89FB74A7268661B500627BA8 /* XCRemoteSwiftPackageReference "AlertToast" */,
				89FB74AC2686792400627BA8 /* XCRemoteSwiftPackageReference "AFNetworking" */,
				898A7E0C26BD9642003C239D /* XCRemoteSwiftPackageReference "facebook-ios-sdk" */,
			);
			productRefGroup = 8359268F25894D4800DCC048 /* Products */;
			projectDirPath = "";
			projectRoot = "";
			targets = (
				8359268D25894D4700DCC048 /* STTR */,
				895EC1892673C6CA0073C067 /* STTRUITests */,
			);
		};
/* End PBXProject section */

/* Begin PBXResourcesBuildPhase section */
		8359268C25894D4700DCC048 /* Resources */ = {
			isa = PBXResourcesBuildPhase;
			buildActionMask = 2147483647;
			files = (
				8359269925894D4C00DCC048 /* Preview Assets.xcassets in Resources */,
				3FBE78AF26145B5400686955 /* LaunchScreen.storyboard in Resources */,
				89564828267A4C4F00CE14F0 /* InfoUnsecure.plist in Resources */,
				89054E7F2677A6C9009FE88D /* hulkcybr1.cer in Resources */,
				3FBE790D2618509600686955 /* privacypolicy.html in Resources */,
				8359269625894D4C00DCC048 /* Assets.xcassets in Resources */,
				8359270025A6D06C00DCC048 /* GoogleService-Info.plist in Resources */,
			);
			runOnlyForDeploymentPostprocessing = 0;
		};
		895EC1882673C6CA0073C067 /* Resources */ = {
			isa = PBXResourcesBuildPhase;
			buildActionMask = 2147483647;
			files = (
			);
			runOnlyForDeploymentPostprocessing = 0;
		};
/* End PBXResourcesBuildPhase section */

/* Begin PBXShellScriptBuildPhase section */
		648440A67E5500EC7732FC5E /* [CP] Embed Pods Frameworks */ = {
			isa = PBXShellScriptBuildPhase;
			buildActionMask = 2147483647;
			files = (
			);
			inputFileListPaths = (
				"${PODS_ROOT}/Target Support Files/Pods-STTR/Pods-STTR-frameworks-${CONFIGURATION}-input-files.xcfilelist",
			);
			name = "[CP] Embed Pods Frameworks";
			outputFileListPaths = (
				"${PODS_ROOT}/Target Support Files/Pods-STTR/Pods-STTR-frameworks-${CONFIGURATION}-output-files.xcfilelist",
			);
			runOnlyForDeploymentPostprocessing = 0;
			shellPath = /bin/sh;
			shellScript = "\"${PODS_ROOT}/Target Support Files/Pods-STTR/Pods-STTR-frameworks.sh\"\n";
			showEnvVarsInLog = 0;
		};
		98B9666D13D10DBDF9F56E37 /* [CP] Check Pods Manifest.lock */ = {
			isa = PBXShellScriptBuildPhase;
			buildActionMask = 2147483647;
			files = (
			);
			inputFileListPaths = (
			);
			inputPaths = (
				"${PODS_PODFILE_DIR_PATH}/Podfile.lock",
				"${PODS_ROOT}/Manifest.lock",
			);
			name = "[CP] Check Pods Manifest.lock";
			outputFileListPaths = (
			);
			outputPaths = (
				"$(DERIVED_FILE_DIR)/Pods-STTR-checkManifestLockResult.txt",
			);
			runOnlyForDeploymentPostprocessing = 0;
			shellPath = /bin/sh;
			shellScript = "diff \"${PODS_PODFILE_DIR_PATH}/Podfile.lock\" \"${PODS_ROOT}/Manifest.lock\" > /dev/null\nif [ $? != 0 ] ; then\n    # print error to STDERR\n    echo \"error: The sandbox is not in sync with the Podfile.lock. Run 'pod install' or update your CocoaPods installation.\" >&2\n    exit 1\nfi\n# This output is used by Xcode 'outputs' to avoid re-running this script phase.\necho \"SUCCESS\" > \"${SCRIPT_OUTPUT_FILE_0}\"\n";
			showEnvVarsInLog = 0;
		};
/* End PBXShellScriptBuildPhase section */

/* Begin PBXSourcesBuildPhase section */
		8359268A25894D4700DCC048 /* Sources */ = {
			isa = PBXSourcesBuildPhase;
			buildActionMask = 2147483647;
			files = (
				3FE9FEE4264D047900E0C46A /* AddIngredientsView.swift in Sources */,
				3F7E814F2626D218005A1D04 /* KrogerView.swift in Sources */,
				3F5A1876262EB99B00A1E56B /* CartItem.swift in Sources */,
				CC7BD3CC265FE5F800A95A0C /* UrlSessionAPIs.swift in Sources */,
				3F3AF315260C968C00F254BD /* AppDelegate.swift in Sources */,
				3F5A1872262EB94B00A1E56B /* RecipeItem.swift in Sources */,
				3FD7840F25F8BCC900EE4D58 /* MenuView.swift in Sources */,
				89D5B7C3266E7C700043536D /* ContactService.swift in Sources */,
				3F3AF318260C969700F254BD /* SceneDelegate.swift in Sources */,
				3FD784B02600929900EE4D58 /* AccountView.swift in Sources */,
				3F5A18792631466C00A1E56B /* StructsForAPI.swift in Sources */,
				895EC1842673C2400073C067 /* StaticDatabase.swift in Sources */,
				3F5A186D262EA38D00A1E56B /* ImageLoader.swift in Sources */,
				8359269425894D4800DCC048 /* ContentView.swift in Sources */,
				3F7E81522626D228005A1D04 /* KrogerImageView.swift in Sources */,
				E64C1B862666D940000C7D07 /* KrogerAPI.swift in Sources */,
				3F5A187F2632ACEC00A1E56B /* StringExtension.swift in Sources */,
				895388092684E4B400AD105F /* Vuln.m in Sources */,
				3F7E814C2626D1F4005A1D04 /* KrogerItem.swift in Sources */,
				CCF386962667DFAC008E932C /* DeactivateAccountView.swift in Sources */,
				3FD784AD260091C500EE4D58 /* GeneralSettingsView.swift in Sources */,
				DCDA6C6325B7E5570055E597 /* AuthenticationView.swift in Sources */,
				82D78EE9265C1BA90035A894 /* LocationView.swift in Sources */,
				3F7E81582626DB29005A1D04 /* RecipeView.swift in Sources */,
				3F7E81552626DAE7005A1D04 /* RecipeInfo.swift in Sources */,
				3FD784B5260092FF00EE4D58 /* CartView.swift in Sources */,
				DC5C244925B7D175009676AF /* Session.swift in Sources */,
				895EC1992673F3B90073C067 /* Networking.swift in Sources */,
			);
			runOnlyForDeploymentPostprocessing = 0;
		};
		895EC1862673C6CA0073C067 /* Sources */ = {
			isa = PBXSourcesBuildPhase;
			buildActionMask = 2147483647;
			files = (
				895EC18D2673C6CA0073C067 /* STTRUITests.swift in Sources */,
			);
			runOnlyForDeploymentPostprocessing = 0;
		};
/* End PBXSourcesBuildPhase section */

/* Begin PBXTargetDependency section */
		895EC1902673C6CA0073C067 /* PBXTargetDependency */ = {
			isa = PBXTargetDependency;
			target = 8359268D25894D4700DCC048 /* STTR */;
			targetProxy = 895EC18F2673C6CA0073C067 /* PBXContainerItemProxy */;
		};
/* End PBXTargetDependency section */

/* Begin XCBuildConfiguration section */
		8359269B25894D4C00DCC048 /* Unsecure */ = {
			isa = XCBuildConfiguration;
			buildSettings = {
				ALWAYS_SEARCH_USER_PATHS = NO;
				CLANG_ANALYZER_NONNULL = YES;
				CLANG_ANALYZER_NUMBER_OBJECT_CONVERSION = YES_AGGRESSIVE;
				CLANG_CXX_LANGUAGE_STANDARD = "gnu++14";
				CLANG_CXX_LIBRARY = "libc++";
				CLANG_ENABLE_MODULES = YES;
				CLANG_ENABLE_OBJC_ARC = YES;
				CLANG_ENABLE_OBJC_WEAK = YES;
				CLANG_WARN_BLOCK_CAPTURE_AUTORELEASING = YES;
				CLANG_WARN_BOOL_CONVERSION = YES;
				CLANG_WARN_COMMA = YES;
				CLANG_WARN_CONSTANT_CONVERSION = YES;
				CLANG_WARN_DEPRECATED_OBJC_IMPLEMENTATIONS = YES;
				CLANG_WARN_DIRECT_OBJC_ISA_USAGE = YES_ERROR;
				CLANG_WARN_DOCUMENTATION_COMMENTS = YES;
				CLANG_WARN_EMPTY_BODY = YES;
				CLANG_WARN_ENUM_CONVERSION = YES;
				CLANG_WARN_INFINITE_RECURSION = YES;
				CLANG_WARN_INT_CONVERSION = YES;
				CLANG_WARN_NON_LITERAL_NULL_CONVERSION = YES;
				CLANG_WARN_OBJC_IMPLICIT_RETAIN_SELF = YES;
				CLANG_WARN_OBJC_LITERAL_CONVERSION = YES;
				CLANG_WARN_OBJC_ROOT_CLASS = YES_ERROR;
				CLANG_WARN_QUOTED_INCLUDE_IN_FRAMEWORK_HEADER = YES;
				CLANG_WARN_RANGE_LOOP_ANALYSIS = YES;
				CLANG_WARN_STRICT_PROTOTYPES = YES;
				CLANG_WARN_SUSPICIOUS_MOVE = YES;
				CLANG_WARN_UNGUARDED_AVAILABILITY = YES_AGGRESSIVE;
				CLANG_WARN_UNREACHABLE_CODE = YES;
				CLANG_WARN__DUPLICATE_METHOD_MATCH = YES;
				COPY_PHASE_STRIP = NO;
				DEBUG_INFORMATION_FORMAT = dwarf;
				ENABLE_STRICT_OBJC_MSGSEND = YES;
				ENABLE_TESTABILITY = YES;
				GCC_C_LANGUAGE_STANDARD = gnu11;
				GCC_DYNAMIC_NO_PIC = NO;
				GCC_NO_COMMON_BLOCKS = YES;
				GCC_OPTIMIZATION_LEVEL = 0;
				GCC_PREPROCESSOR_DEFINITIONS = (
					"DEBUG=1",
					"$(inherited)",
				);
				GCC_WARN_64_TO_32_BIT_CONVERSION = YES;
				GCC_WARN_ABOUT_RETURN_TYPE = YES_ERROR;
				GCC_WARN_UNDECLARED_SELECTOR = YES;
				GCC_WARN_UNINITIALIZED_AUTOS = YES_AGGRESSIVE;
				GCC_WARN_UNUSED_FUNCTION = YES;
				GCC_WARN_UNUSED_VARIABLE = YES;
				IPHONEOS_DEPLOYMENT_TARGET = 14.2;
				MTL_ENABLE_DEBUG_INFO = INCLUDE_SOURCE;
				MTL_FAST_MATH = YES;
				ONLY_ACTIVE_ARCH = YES;
				OTHER_CFLAGS = "";
				SDKROOT = iphoneos;
				SWIFT_ACTIVE_COMPILATION_CONDITIONS = DEBUG;
				SWIFT_DISABLE_SAFETY_CHECKS = NO;
				SWIFT_ENFORCE_EXCLUSIVE_ACCESS = on;
				SWIFT_OPTIMIZATION_LEVEL = "-Onone";
			};
			name = Unsecure;
		};
		8359269C25894D4C00DCC048 /* Secure */ = {
			isa = XCBuildConfiguration;
			buildSettings = {
				ALWAYS_SEARCH_USER_PATHS = NO;
				CLANG_ANALYZER_NONNULL = YES;
				CLANG_ANALYZER_NUMBER_OBJECT_CONVERSION = YES_AGGRESSIVE;
				CLANG_CXX_LANGUAGE_STANDARD = "gnu++14";
				CLANG_CXX_LIBRARY = "libc++";
				CLANG_ENABLE_MODULES = YES;
				CLANG_ENABLE_OBJC_ARC = YES;
				CLANG_ENABLE_OBJC_WEAK = YES;
				CLANG_WARN_BLOCK_CAPTURE_AUTORELEASING = YES;
				CLANG_WARN_BOOL_CONVERSION = YES;
				CLANG_WARN_COMMA = YES;
				CLANG_WARN_CONSTANT_CONVERSION = YES;
				CLANG_WARN_DEPRECATED_OBJC_IMPLEMENTATIONS = YES;
				CLANG_WARN_DIRECT_OBJC_ISA_USAGE = YES_ERROR;
				CLANG_WARN_DOCUMENTATION_COMMENTS = YES;
				CLANG_WARN_EMPTY_BODY = YES;
				CLANG_WARN_ENUM_CONVERSION = YES;
				CLANG_WARN_INFINITE_RECURSION = YES;
				CLANG_WARN_INT_CONVERSION = YES;
				CLANG_WARN_NON_LITERAL_NULL_CONVERSION = YES;
				CLANG_WARN_OBJC_IMPLICIT_RETAIN_SELF = YES;
				CLANG_WARN_OBJC_LITERAL_CONVERSION = YES;
				CLANG_WARN_OBJC_ROOT_CLASS = YES_ERROR;
				CLANG_WARN_QUOTED_INCLUDE_IN_FRAMEWORK_HEADER = YES;
				CLANG_WARN_RANGE_LOOP_ANALYSIS = YES;
				CLANG_WARN_STRICT_PROTOTYPES = YES;
				CLANG_WARN_SUSPICIOUS_MOVE = YES;
				CLANG_WARN_UNGUARDED_AVAILABILITY = YES_AGGRESSIVE;
				CLANG_WARN_UNREACHABLE_CODE = YES;
				CLANG_WARN__DUPLICATE_METHOD_MATCH = YES;
				COPY_PHASE_STRIP = NO;
				DEBUG_INFORMATION_FORMAT = "dwarf-with-dsym";
				ENABLE_NS_ASSERTIONS = NO;
				ENABLE_STRICT_OBJC_MSGSEND = YES;
				GCC_C_LANGUAGE_STANDARD = gnu11;
				GCC_NO_COMMON_BLOCKS = YES;
				GCC_WARN_64_TO_32_BIT_CONVERSION = YES;
				GCC_WARN_ABOUT_RETURN_TYPE = YES_ERROR;
				GCC_WARN_UNDECLARED_SELECTOR = YES;
				GCC_WARN_UNINITIALIZED_AUTOS = YES_AGGRESSIVE;
				GCC_WARN_UNUSED_FUNCTION = YES;
				GCC_WARN_UNUSED_VARIABLE = YES;
				IPHONEOS_DEPLOYMENT_TARGET = 14.2;
				MTL_ENABLE_DEBUG_INFO = NO;
				MTL_FAST_MATH = YES;
				OTHER_CFLAGS = "";
				SDKROOT = iphoneos;
				SWIFT_COMPILATION_MODE = wholemodule;
				SWIFT_DISABLE_SAFETY_CHECKS = NO;
				SWIFT_ENFORCE_EXCLUSIVE_ACCESS = on;
				SWIFT_OPTIMIZATION_LEVEL = "-O";
				VALIDATE_PRODUCT = YES;
			};
			name = Secure;
		};
		8359269E25894D4C00DCC048 /* Unsecure */ = {
			isa = XCBuildConfiguration;
			baseConfigurationReference = 80B297BCA71E8927F5001D02 /* Pods-STTR.unsecure.xcconfig */;
			buildSettings = {
				ASSETCATALOG_COMPILER_APPICON_NAME = AppIcon;
				ASSETCATALOG_COMPILER_GLOBAL_ACCENT_COLOR_NAME = AccentColor;
				CLANG_ENABLE_MODULES = YES;
				CODE_SIGN_ENTITLEMENTS = STTR/STTR.entitlements;
				CODE_SIGN_STYLE = Automatic;
				DEVELOPMENT_ASSET_PATHS = "\"STTR/Preview Content\"";
				DEVELOPMENT_TEAM = ZBP7T99QL7;
				ENABLE_PREVIEWS = YES;
				"EXCLUDED_ARCHS[sdk=iphonesimulator*]" = arm64;
				INFOPLIST_FILE = STTR/InfoUnsecure.plist;
				INFOPLIST_PREPROCESSOR_DEFINITIONS = "";
				IPHONEOS_DEPLOYMENT_TARGET = 13.0;
				LD_RUNPATH_SEARCH_PATHS = (
					"$(inherited)",
					"@executable_path/Frameworks",
				);
				MARKETING_VERSION = 1.4;
				OTHER_CFLAGS = "-fno-stack-protector";
				PRODUCT_BUNDLE_IDENTIFIER = edu.tamu.STTRIOSApp;
				PRODUCT_NAME = "$(TARGET_NAME)";
				SWIFT_ACTIVE_COMPILATION_CONDITIONS = "";
				SWIFT_OBJC_BRIDGING_HEADER = "STTR/STTR-Bridging-Header.h";
				SWIFT_OPTIMIZATION_LEVEL = "-Onone";
				SWIFT_VERSION = 5.0;
				TARGETED_DEVICE_FAMILY = "1,2";
			};
			name = Unsecure;
		};
		8359269F25894D4C00DCC048 /* Secure */ = {
			isa = XCBuildConfiguration;
			baseConfigurationReference = 4BDCD2A44760D5A10D8F5500 /* Pods-STTR.secure.xcconfig */;
			buildSettings = {
				ASSETCATALOG_COMPILER_APPICON_NAME = AppIcon;
				ASSETCATALOG_COMPILER_GLOBAL_ACCENT_COLOR_NAME = AccentColor;
				CLANG_ENABLE_MODULES = YES;
				CODE_SIGN_ENTITLEMENTS = STTR/STTR.entitlements;
				CODE_SIGN_STYLE = Automatic;
				DEVELOPMENT_ASSET_PATHS = "\"STTR/Preview Content\"";
				DEVELOPMENT_TEAM = ZBP7T99QL7;
				ENABLE_PREVIEWS = YES;
				"EXCLUDED_ARCHS[sdk=iphonesimulator*]" = arm64;
				INFOPLIST_FILE = STTR/Info.plist;
				IPHONEOS_DEPLOYMENT_TARGET = 13.0;
				LD_RUNPATH_SEARCH_PATHS = (
					"$(inherited)",
					"@executable_path/Frameworks",
				);
				MARKETING_VERSION = 1.4;
				ONLY_ACTIVE_ARCH = YES;
				OTHER_CFLAGS = "-fno-stack-protector";
				PRODUCT_BUNDLE_IDENTIFIER = edu.tamu.STTRIOSApp;
				PRODUCT_NAME = "$(TARGET_NAME)";
				SWIFT_ACTIVE_COMPILATION_CONDITIONS = "";
				SWIFT_OBJC_BRIDGING_HEADER = "STTR/STTR-Bridging-Header.h";
				SWIFT_VERSION = 5.0;
				TARGETED_DEVICE_FAMILY = "1,2";
			};
			name = Secure;
		};
		895EC1922673C6CA0073C067 /* Unsecure */ = {
			isa = XCBuildConfiguration;
			buildSettings = {
				CODE_SIGN_STYLE = Automatic;
				DEVELOPMENT_TEAM = ZBP7T99QL7;
				INFOPLIST_FILE = STTRUITests/Info.plist;
				IPHONEOS_DEPLOYMENT_TARGET = 13.6;
				LD_RUNPATH_SEARCH_PATHS = (
					"$(inherited)",
					"@executable_path/Frameworks",
					"@loader_path/Frameworks",
				);
				PRODUCT_BUNDLE_IDENTIFIER = com.TAMU.STTRUITests;
				PRODUCT_NAME = "$(TARGET_NAME)";
				SWIFT_VERSION = 5.0;
				TARGETED_DEVICE_FAMILY = "1,2";
				TEST_TARGET_NAME = STTR;
			};
			name = Unsecure;
		};
		895EC1932673C6CA0073C067 /* Secure */ = {
			isa = XCBuildConfiguration;
			buildSettings = {
				CODE_SIGN_STYLE = Automatic;
				DEVELOPMENT_TEAM = ZBP7T99QL7;
				INFOPLIST_FILE = STTRUITests/Info.plist;
				IPHONEOS_DEPLOYMENT_TARGET = 13.6;
				LD_RUNPATH_SEARCH_PATHS = (
					"$(inherited)",
					"@executable_path/Frameworks",
					"@loader_path/Frameworks",
				);
				PRODUCT_BUNDLE_IDENTIFIER = com.TAMU.STTRUITests;
				PRODUCT_NAME = "$(TARGET_NAME)";
				SWIFT_VERSION = 5.0;
				TARGETED_DEVICE_FAMILY = "1,2";
				TEST_TARGET_NAME = STTR;
			};
			name = Secure;
		};
/* End XCBuildConfiguration section */

/* Begin XCConfigurationList section */
		8359268925894D4700DCC048 /* Build configuration list for PBXProject "STTR" */ = {
			isa = XCConfigurationList;
			buildConfigurations = (
				8359269B25894D4C00DCC048 /* Unsecure */,
				8359269C25894D4C00DCC048 /* Secure */,
			);
			defaultConfigurationIsVisible = 0;
			defaultConfigurationName = Secure;
		};
		8359269D25894D4C00DCC048 /* Build configuration list for PBXNativeTarget "STTR" */ = {
			isa = XCConfigurationList;
			buildConfigurations = (
				8359269E25894D4C00DCC048 /* Unsecure */,
				8359269F25894D4C00DCC048 /* Secure */,
			);
			defaultConfigurationIsVisible = 0;
			defaultConfigurationName = Secure;
		};
		895EC1912673C6CA0073C067 /* Build configuration list for PBXNativeTarget "STTRUITests" */ = {
			isa = XCConfigurationList;
			buildConfigurations = (
				895EC1922673C6CA0073C067 /* Unsecure */,
				895EC1932673C6CA0073C067 /* Secure */,
			);
			defaultConfigurationIsVisible = 0;
			defaultConfigurationName = Secure;
		};
/* End XCConfigurationList section */

/* Begin XCRemoteSwiftPackageReference section */
		898A7E0C26BD9642003C239D /* XCRemoteSwiftPackageReference "facebook-ios-sdk" */ = {
			isa = XCRemoteSwiftPackageReference;
			repositoryURL = "https://github.com/facebook/facebook-ios-sdk";
			requirement = {
				kind = upToNextMajorVersion;
				minimumVersion = 11.1.0;
			};
		};
		89A363762679324400087916 /* XCRemoteSwiftPackageReference "CryptoSwift" */ = {
			isa = XCRemoteSwiftPackageReference;
			repositoryURL = "https://github.com/krzyzanowskim/CryptoSwift.git";
			requirement = {
				kind = upToNextMinorVersion;
				minimumVersion = 1.4.0;
			};
		};
		89FB74A7268661B500627BA8 /* XCRemoteSwiftPackageReference "AlertToast" */ = {
			isa = XCRemoteSwiftPackageReference;
			repositoryURL = "https://github.com/elai950/AlertToast.git";
			requirement = {
				kind = upToNextMajorVersion;
				minimumVersion = 1.2.9;
			};
		};
		89FB74AC2686792400627BA8 /* XCRemoteSwiftPackageReference "AFNetworking" */ = {
			isa = XCRemoteSwiftPackageReference;
			repositoryURL = "https://github.com/AFNetworking/AFNetworking.git";
			requirement = {
				kind = upToNextMajorVersion;
				minimumVersion = 4.0.1;
			};
		};
/* End XCRemoteSwiftPackageReference section */

/* Begin XCSwiftPackageProductDependency section */
		898A7E0D26BD9642003C239D /* FacebookLogin */ = {
			isa = XCSwiftPackageProductDependency;
			package = 898A7E0C26BD9642003C239D /* XCRemoteSwiftPackageReference "facebook-ios-sdk" */;
			productName = FacebookLogin;
		};
		89A363772679324400087916 /* CryptoSwift */ = {
			isa = XCSwiftPackageProductDependency;
			package = 89A363762679324400087916 /* XCRemoteSwiftPackageReference "CryptoSwift" */;
			productName = CryptoSwift;
		};
		89FB74A8268661B500627BA8 /* AlertToast */ = {
			isa = XCSwiftPackageProductDependency;
			package = 89FB74A7268661B500627BA8 /* XCRemoteSwiftPackageReference "AlertToast" */;
			productName = AlertToast;
		};
		89FB74AD2686792400627BA8 /* AFNetworking */ = {
			isa = XCSwiftPackageProductDependency;
			package = 89FB74AC2686792400627BA8 /* XCRemoteSwiftPackageReference "AFNetworking" */;
			productName = AFNetworking;
		};
/* End XCSwiftPackageProductDependency section */
	};
	rootObject = 8359268625894D4700DCC048 /* Project object */;
}
